// !$*UTF8*$!
{
	archiveVersion = 1;
	classes = {
	};
	objectVersion = 77;
	objects = {

/* Begin PBXContainerItemProxy section */
		9B882DE42CE865340071B825 /* PBXContainerItemProxy */ = {
			isa = PBXContainerItemProxy;
			containerPortal = 9B882DC52CE865330071B825 /* Project object */;
			proxyType = 1;
			remoteGlobalIDString = 9B882DCC2CE865330071B825;
			remoteInfo = NyTimesApp;
		};
		9B882DEE2CE865340071B825 /* PBXContainerItemProxy */ = {
			isa = PBXContainerItemProxy;
			containerPortal = 9B882DC52CE865330071B825 /* Project object */;
			proxyType = 1;
			remoteGlobalIDString = 9B882DCC2CE865330071B825;
			remoteInfo = NyTimesApp;
		};
/* End PBXContainerItemProxy section */

/* Begin PBXFileReference section */
		9B882DCD2CE865330071B825 /* NyTimesApp.app */ = {isa = PBXFileReference; explicitFileType = wrapper.application; includeInIndex = 0; path = NyTimesApp.app; sourceTree = BUILT_PRODUCTS_DIR; };
		9B882DE32CE865340071B825 /* NyTimesAppTests.xctest */ = {isa = PBXFileReference; explicitFileType = wrapper.cfbundle; includeInIndex = 0; path = NyTimesAppTests.xctest; sourceTree = BUILT_PRODUCTS_DIR; };
		9B882DED2CE865340071B825 /* NyTimesAppUITests.xctest */ = {isa = PBXFileReference; explicitFileType = wrapper.cfbundle; includeInIndex = 0; path = NyTimesAppUITests.xctest; sourceTree = BUILT_PRODUCTS_DIR; };
/* End PBXFileReference section */

/* Begin PBXFileSystemSynchronizedBuildFileExceptionSet section */
		9B882DF52CE865340071B825 /* Exceptions for "NyTimesApp" folder in "NyTimesApp" target */ = {
			isa = PBXFileSystemSynchronizedBuildFileExceptionSet;
			membershipExceptions = (
				Info.plist,
			);
			target = 9B882DCC2CE865330071B825 /* NyTimesApp */;
		};
/* End PBXFileSystemSynchronizedBuildFileExceptionSet section */

/* Begin PBXFileSystemSynchronizedRootGroup section */
		9B882DCF2CE865330071B825 /* NyTimesApp */ = {
			isa = PBXFileSystemSynchronizedRootGroup;
			exceptions = (
				9B882DF52CE865340071B825 /* Exceptions for "NyTimesApp" folder in "NyTimesApp" target */,
			);
			path = NyTimesApp;
			sourceTree = "<group>";
		};
		9B882DE62CE865340071B825 /* NyTimesAppTests */ = {
			isa = PBXFileSystemSynchronizedRootGroup;
			path = NyTimesAppTests;
			sourceTree = "<group>";
		};
		9B882DF02CE865340071B825 /* NyTimesAppUITests */ = {
			isa = PBXFileSystemSynchronizedRootGroup;
			path = NyTimesAppUITests;
			sourceTree = "<group>";
		};
/* End PBXFileSystemSynchronizedRootGroup section */

/* Begin PBXFrameworksBuildPhase section */
		9B882DCA2CE865330071B825 /* Frameworks */ = {
			isa = PBXFrameworksBuildPhase;
			buildActionMask = 2147483647;
			files = (
			);
			runOnlyForDeploymentPostprocessing = 0;
		};
		9B882DE02CE865340071B825 /* Frameworks */ = {
			isa = PBXFrameworksBuildPhase;
			buildActionMask = 2147483647;
			files = (
			);
			runOnlyForDeploymentPostprocessing = 0;
		};
		9B882DEA2CE865340071B825 /* Frameworks */ = {
			isa = PBXFrameworksBuildPhase;
			buildActionMask = 2147483647;
			files = (
			);
			runOnlyForDeploymentPostprocessing = 0;
		};
/* End PBXFrameworksBuildPhase section */

/* Begin PBXGroup section */
		9B882DC42CE865330071B825 = {
			isa = PBXGroup;
			children = (
				9B882DCF2CE865330071B825 /* NyTimesApp */,
				9B882DE62CE865340071B825 /* NyTimesAppTests */,
				9B882DF02CE865340071B825 /* NyTimesAppUITests */,
				9B882DCE2CE865330071B825 /* Products */,
			);
			sourceTree = "<group>";
		};
		9B882DCE2CE865330071B825 /* Products */ = {
			isa = PBXGroup;
			children = (
				9B882DCD2CE865330071B825 /* NyTimesApp.app */,
				9B882DE32CE865340071B825 /* NyTimesAppTests.xctest */,
				9B882DED2CE865340071B825 /* NyTimesAppUITests.xctest */,
			);
			name = Products;
			sourceTree = "<group>";
		};
/* End PBXGroup section */

/* Begin PBXNativeTarget section */
		9B882DCC2CE865330071B825 /* NyTimesApp */ = {
			isa = PBXNativeTarget;
			buildConfigurationList = 9B882DF62CE865340071B825 /* Build configuration list for PBXNativeTarget "NyTimesApp" */;
			buildPhases = (
				9B882DC92CE865330071B825 /* Sources */,
				9B882DCA2CE865330071B825 /* Frameworks */,
				9B882DCB2CE865330071B825 /* Resources */,
			);
			buildRules = (
			);
			dependencies = (
			);
			fileSystemSynchronizedGroups = (
				9B882DCF2CE865330071B825 /* NyTimesApp */,
			);
			name = NyTimesApp;
			packageProductDependencies = (
			);
			productName = NyTimesApp;
			productReference = 9B882DCD2CE865330071B825 /* NyTimesApp.app */;
			productType = "com.apple.product-type.application";
		};
		9B882DE22CE865340071B825 /* NyTimesAppTests */ = {
			isa = PBXNativeTarget;
			buildConfigurationList = 9B882DFB2CE865340071B825 /* Build configuration list for PBXNativeTarget "NyTimesAppTests" */;
			buildPhases = (
				9B882DDF2CE865340071B825 /* Sources */,
				9B882DE02CE865340071B825 /* Frameworks */,
				9B882DE12CE865340071B825 /* Resources */,
			);
			buildRules = (
			);
			dependencies = (
				9B882DE52CE865340071B825 /* PBXTargetDependency */,
			);
			fileSystemSynchronizedGroups = (
				9B882DE62CE865340071B825 /* NyTimesAppTests */,
			);
			name = NyTimesAppTests;
			packageProductDependencies = (
			);
			productName = NyTimesAppTests;
			productReference = 9B882DE32CE865340071B825 /* NyTimesAppTests.xctest */;
			productType = "com.apple.product-type.bundle.unit-test";
		};
		9B882DEC2CE865340071B825 /* NyTimesAppUITests */ = {
			isa = PBXNativeTarget;
			buildConfigurationList = 9B882DFE2CE865340071B825 /* Build configuration list for PBXNativeTarget "NyTimesAppUITests" */;
			buildPhases = (
				9B882DE92CE865340071B825 /* Sources */,
				9B882DEA2CE865340071B825 /* Frameworks */,
				9B882DEB2CE865340071B825 /* Resources */,
			);
			buildRules = (
			);
			dependencies = (
				9B882DEF2CE865340071B825 /* PBXTargetDependency */,
			);
			fileSystemSynchronizedGroups = (
				9B882DF02CE865340071B825 /* NyTimesAppUITests */,
			);
			name = NyTimesAppUITests;
			packageProductDependencies = (
			);
			productName = NyTimesAppUITests;
			productReference = 9B882DED2CE865340071B825 /* NyTimesAppUITests.xctest */;
			productType = "com.apple.product-type.bundle.ui-testing";
		};
/* End PBXNativeTarget section */

/* Begin PBXProject section */
		9B882DC52CE865330071B825 /* Project object */ = {
			isa = PBXProject;
			attributes = {
				BuildIndependentTargetsInParallel = 1;
				LastSwiftUpdateCheck = 1610;
				LastUpgradeCheck = 1610;
				TargetAttributes = {
					9B882DCC2CE865330071B825 = {
						CreatedOnToolsVersion = 16.1;
					};
					9B882DE22CE865340071B825 = {
						CreatedOnToolsVersion = 16.1;
						TestTargetID = 9B882DCC2CE865330071B825;
					};
					9B882DEC2CE865340071B825 = {
						CreatedOnToolsVersion = 16.1;
						TestTargetID = 9B882DCC2CE865330071B825;
					};
				};
			};
			buildConfigurationList = 9B882DC82CE865330071B825 /* Build configuration list for PBXProject "NyTimesApp" */;
			developmentRegion = en;
			hasScannedForEncodings = 0;
			knownRegions = (
				en,
				Base,
			);
			mainGroup = 9B882DC42CE865330071B825;
			minimizedProjectReferenceProxies = 1;
			preferredProjectObjectVersion = 77;
			productRefGroup = 9B882DCE2CE865330071B825 /* Products */;
			projectDirPath = "";
			projectRoot = "";
			targets = (
				9B882DCC2CE865330071B825 /* NyTimesApp */,
				9B882DE22CE865340071B825 /* NyTimesAppTests */,
				9B882DEC2CE865340071B825 /* NyTimesAppUITests */,
			);
		};
/* End PBXProject section */

/* Begin PBXResourcesBuildPhase section */
		9B882DCB2CE865330071B825 /* Resources */ = {
			isa = PBXResourcesBuildPhase;
			buildActionMask = 2147483647;
			files = (
			);
			runOnlyForDeploymentPostprocessing = 0;
		};
		9B882DE12CE865340071B825 /* Resources */ = {
			isa = PBXResourcesBuildPhase;
			buildActionMask = 2147483647;
			files = (
			);
			runOnlyForDeploymentPostprocessing = 0;
		};
		9B882DEB2CE865340071B825 /* Resources */ = {
			isa = PBXResourcesBuildPhase;
			buildActionMask = 2147483647;
			files = (
			);
			runOnlyForDeploymentPostprocessing = 0;
		};
/* End PBXResourcesBuildPhase section */

/* Begin PBXSourcesBuildPhase section */
		9B882DC92CE865330071B825 /* Sources */ = {
			isa = PBXSourcesBuildPhase;
			buildActionMask = 2147483647;
			files = (
			);
			runOnlyForDeploymentPostprocessing = 0;
		};
		9B882DDF2CE865340071B825 /* Sources */ = {
			isa = PBXSourcesBuildPhase;
			buildActionMask = 2147483647;
			files = (
			);
			runOnlyForDeploymentPostprocessing = 0;
		};
		9B882DE92CE865340071B825 /* Sources */ = {
			isa = PBXSourcesBuildPhase;
			buildActionMask = 2147483647;
			files = (
			);
			runOnlyForDeploymentPostprocessing = 0;
		};
/* End PBXSourcesBuildPhase section */

/* Begin PBXTargetDependency section */
		9B882DE52CE865340071B825 /* PBXTargetDependency */ = {
			isa = PBXTargetDependency;
			target = 9B882DCC2CE865330071B825 /* NyTimesApp */;
			targetProxy = 9B882DE42CE865340071B825 /* PBXContainerItemProxy */;
		};
		9B882DEF2CE865340071B825 /* PBXTargetDependency */ = {
			isa = PBXTargetDependency;
			target = 9B882DCC2CE865330071B825 /* NyTimesApp */;
			targetProxy = 9B882DEE2CE865340071B825 /* PBXContainerItemProxy */;
		};
/* End PBXTargetDependency section */

/* Begin XCBuildConfiguration section */
		9B882DF72CE865340071B825 /* Debug */ = {
			isa = XCBuildConfiguration;
			buildSettings = {
				ASSETCATALOG_COMPILER_APPICON_NAME = AppIcon;
				ASSETCATALOG_COMPILER_GLOBAL_ACCENT_COLOR_NAME = AccentColor;
				CODE_SIGN_STYLE = Automatic;
				CURRENT_PROJECT_VERSION = 1;
				DEVELOPMENT_TEAM = 3BBSVL8WKD;
				GENERATE_INFOPLIST_FILE = YES;
				INFOPLIST_FILE = NyTimesApp/Info.plist;
				INFOPLIST_KEY_UIApplicationSupportsIndirectInputEvents = YES;
				INFOPLIST_KEY_UILaunchStoryboardName = LaunchScreen;
				INFOPLIST_KEY_UIMainStoryboardFile = Main;
				INFOPLIST_KEY_UISupportedInterfaceOrientations_iPad = "UIInterfaceOrientationPortrait UIInterfaceOrientationPortraitUpsideDown UIInterfaceOrientationLandscapeLeft UIInterfaceOrientationLandscapeRight";
				INFOPLIST_KEY_UISupportedInterfaceOrientations_iPhone = "UIInterfaceOrientationPortrait UIInterfaceOrientationLandscapeLeft UIInterfaceOrientationLandscapeRight";
				LD_RUNPATH_SEARCH_PATHS = (
					"$(inherited)",
					"@executable_path/Frameworks",
				);
				MARKETING_VERSION = 1.0;
				PRODUCT_BUNDLE_IDENTIFIER = com.navi.NyTimesApp;
				PRODUCT_NAME = "$(TARGET_NAME)";
				SWIFT_EMIT_LOC_STRINGS = YES;
				SWIFT_VERSION = 5.0;
				TARGETED_DEVICE_FAMILY = "1,2";
			};
			name = Debug;
		};
		9B882DF82CE865340071B825 /* Release */ = {
			isa = XCBuildConfiguration;
			buildSettings = {
				ASSETCATALOG_COMPILER_APPICON_NAME = AppIcon;
				ASSETCATALOG_COMPILER_GLOBAL_ACCENT_COLOR_NAME = AccentColor;
				CODE_SIGN_STYLE = Automatic;
				CURRENT_PROJECT_VERSION = 1;
				DEVELOPMENT_TEAM = 3BBSVL8WKD;
				GENERATE_INFOPLIST_FILE = YES;
				INFOPLIST_FILE = NyTimesApp/Info.plist;
				INFOPLIST_KEY_UIApplicationSupportsIndirectInputEvents = YES;
				INFOPLIST_KEY_UILaunchStoryboardName = LaunchScreen;
				INFOPLIST_KEY_UIMainStoryboardFile = Main;
				INFOPLIST_KEY_UISupportedInterfaceOrientations_iPad = "UIInterfaceOrientationPortrait UIInterfaceOrientationPortraitUpsideDown UIInterfaceOrientationLandscapeLeft UIInterfaceOrientationLandscapeRight";
				INFOPLIST_KEY_UISupportedInterfaceOrientations_iPhone = "UIInterfaceOrientationPortrait UIInterfaceOrientationLandscapeLeft UIInterfaceOrientationLandscapeRight";
				LD_RUNPATH_SEARCH_PATHS = (
					"$(inherited)",
					"@executable_path/Frameworks",
				);
				MARKETING_VERSION = 1.0;
				PRODUCT_BUNDLE_IDENTIFIER = com.navi.NyTimesApp;
				PRODUCT_NAME = "$(TARGET_NAME)";
				SWIFT_EMIT_LOC_STRINGS = YES;
				SWIFT_VERSION = 5.0;
				TARGETED_DEVICE_FAMILY = "1,2";
			};
			name = Release;
		};
		9B882DF92CE865340071B825 /* Debug */ = {
			isa = XCBuildConfiguration;
			buildSettings = {
				ALWAYS_SEARCH_USER_PATHS = NO;
				ASSETCATALOG_COMPILER_GENERATE_SWIFT_ASSET_SYMBOL_EXTENSIONS = YES;
				CLANG_ANALYZER_NONNULL = YES;
				CLANG_ANALYZER_NUMBER_OBJECT_CONVERSION = YES_AGGRESSIVE;
				CLANG_CXX_LANGUAGE_STANDARD = "gnu++20";
				CLANG_ENABLE_MODULES = YES;
				CLANG_ENABLE_OBJC_ARC = YES;
				CLANG_ENABLE_OBJC_WEAK = YES;
				CLANG_WARN_BLOCK_CAPTURE_AUTORELEASING = YES;
				CLANG_WARN_BOOL_CONVERSION = YES;
				CLANG_WARN_COMMA = YES;
				CLANG_WARN_CONSTANT_CONVERSION = YES;
				CLANG_WARN_DEPRECATED_OBJC_IMPLEMENTATIONS = YES;
				CLANG_WARN_DIRECT_OBJC_ISA_USAGE = YES_ERROR;
				CLANG_WARN_DOCUMENTATION_COMMENTS = YES;
				CLANG_WARN_EMPTY_BODY = YES;
				CLANG_WARN_ENUM_CONVERSION = YES;
				CLANG_WARN_INFINITE_RECURSION = YES;
				CLANG_WARN_INT_CONVERSION = YES;
				CLANG_WARN_NON_LITERAL_NULL_CONVERSION = YES;
				CLANG_WARN_OBJC_IMPLICIT_RETAIN_SELF = YES;
				CLANG_WARN_OBJC_LITERAL_CONVERSION = YES;
				CLANG_WARN_OBJC_ROOT_CLASS = YES_ERROR;
				CLANG_WARN_QUOTED_INCLUDE_IN_FRAMEWORK_HEADER = YES;
				CLANG_WARN_RANGE_LOOP_ANALYSIS = YES;
				CLANG_WARN_STRICT_PROTOTYPES = YES;
				CLANG_WARN_SUSPICIOUS_MOVE = YES;
				CLANG_WARN_UNGUARDED_AVAILABILITY = YES_AGGRESSIVE;
				CLANG_WARN_UNREACHABLE_CODE = YES;
				CLANG_WARN__DUPLICATE_METHOD_MATCH = YES;
				COPY_PHASE_STRIP = NO;
				DEBUG_INFORMATION_FORMAT = dwarf;
				ENABLE_STRICT_OBJC_MSGSEND = YES;
				ENABLE_TESTABILITY = YES;
				ENABLE_USER_SCRIPT_SANDBOXING = YES;
				GCC_C_LANGUAGE_STANDARD = gnu17;
				GCC_DYNAMIC_NO_PIC = NO;
				GCC_NO_COMMON_BLOCKS = YES;
				GCC_OPTIMIZATION_LEVEL = 0;
				GCC_PREPROCESSOR_DEFINITIONS = (
					"DEBUG=1",
					"$(inherited)",
				);
				GCC_WARN_64_TO_32_BIT_CONVERSION = YES;
				GCC_WARN_ABOUT_RETURN_TYPE = YES_ERROR;
				GCC_WARN_UNDECLARED_SELECTOR = YES;
				GCC_WARN_UNINITIALIZED_AUTOS = YES_AGGRESSIVE;
				GCC_WARN_UNUSED_FUNCTION = YES;
				GCC_WARN_UNUSED_VARIABLE = YES;
				IPHONEOS_DEPLOYMENT_TARGET = 18.1;
				LOCALIZATION_PREFERS_STRING_CATALOGS = YES;
				MTL_ENABLE_DEBUG_INFO = INCLUDE_SOURCE;
				MTL_FAST_MATH = YES;
				ONLY_ACTIVE_ARCH = YES;
				SDKROOT = iphoneos;
				SWIFT_ACTIVE_COMPILATION_CONDITIONS = "DEBUG $(inherited)";
				SWIFT_OPTIMIZATION_LEVEL = "-Onone";
			};
			name = Debug;
		};
		9B882DFA2CE865340071B825 /* Release */ = {
			isa = XCBuildConfiguration;
			buildSettings = {
				ALWAYS_SEARCH_USER_PATHS = NO;
				ASSETCATALOG_COMPILER_GENERATE_SWIFT_ASSET_SYMBOL_EXTENSIONS = YES;
				CLANG_ANALYZER_NONNULL = YES;
				CLANG_ANALYZER_NUMBER_OBJECT_CONVERSION = YES_AGGRESSIVE;
				CLANG_CXX_LANGUAGE_STANDARD = "gnu++20";
				CLANG_ENABLE_MODULES = YES;
				CLANG_ENABLE_OBJC_ARC = YES;
				CLANG_ENABLE_OBJC_WEAK = YES;
				CLANG_WARN_BLOCK_CAPTURE_AUTORELEASING = YES;
				CLANG_WARN_BOOL_CONVERSION = YES;
				CLANG_WARN_COMMA = YES;
				CLANG_WARN_CONSTANT_CONVERSION = YES;
				CLANG_WARN_DEPRECATED_OBJC_IMPLEMENTATIONS = YES;
				CLANG_WARN_DIRECT_OBJC_ISA_USAGE = YES_ERROR;
				CLANG_WARN_DOCUMENTATION_COMMENTS = YES;
				CLANG_WARN_EMPTY_BODY = YES;
				CLANG_WARN_ENUM_CONVERSION = YES;
				CLANG_WARN_INFINITE_RECURSION = YES;
				CLANG_WARN_INT_CONVERSION = YES;
				CLANG_WARN_NON_LITERAL_NULL_CONVERSION = YES;
				CLANG_WARN_OBJC_IMPLICIT_RETAIN_SELF = YES;
				CLANG_WARN_OBJC_LITERAL_CONVERSION = YES;
				CLANG_WARN_OBJC_ROOT_CLASS = YES_ERROR;
				CLANG_WARN_QUOTED_INCLUDE_IN_FRAMEWORK_HEADER = YES;
				CLANG_WARN_RANGE_LOOP_ANALYSIS = YES;
				CLANG_WARN_STRICT_PROTOTYPES = YES;
				CLANG_WARN_SUSPICIOUS_MOVE = YES;
				CLANG_WARN_UNGUARDED_AVAILABILITY = YES_AGGRESSIVE;
				CLANG_WARN_UNREACHABLE_CODE = YES;
				CLANG_WARN__DUPLICATE_METHOD_MATCH = YES;
				COPY_PHASE_STRIP = NO;
				DEBUG_INFORMATION_FORMAT = "dwarf-with-dsym";
				ENABLE_NS_ASSERTIONS = NO;
				ENABLE_STRICT_OBJC_MSGSEND = YES;
				ENABLE_USER_SCRIPT_SANDBOXING = YES;
				GCC_C_LANGUAGE_STANDARD = gnu17;
				GCC_NO_COMMON_BLOCKS = YES;
				GCC_WARN_64_TO_32_BIT_CONVERSION = YES;
				GCC_WARN_ABOUT_RETURN_TYPE = YES_ERROR;
				GCC_WARN_UNDECLARED_SELECTOR = YES;
				GCC_WARN_UNINITIALIZED_AUTOS = YES_AGGRESSIVE;
				GCC_WARN_UNUSED_FUNCTION = YES;
				GCC_WARN_UNUSED_VARIABLE = YES;
				IPHONEOS_DEPLOYMENT_TARGET = 18.1;
				LOCALIZATION_PREFERS_STRING_CATALOGS = YES;
				MTL_ENABLE_DEBUG_INFO = NO;
				MTL_FAST_MATH = YES;
				SDKROOT = iphoneos;
				SWIFT_COMPILATION_MODE = wholemodule;
				VALIDATE_PRODUCT = YES;
			};
			name = Release;
		};
		9B882DFC2CE865340071B825 /* Debug */ = {
			isa = XCBuildConfiguration;
			buildSettings = {
				BUNDLE_LOADER = "$(TEST_HOST)";
				CODE_SIGN_STYLE = Automatic;
				CURRENT_PROJECT_VERSION = 1;
				DEVELOPMENT_TEAM = 3BBSVL8WKD;
				GENERATE_INFOPLIST_FILE = YES;
				IPHONEOS_DEPLOYMENT_TARGET = 18.1;
				MARKETING_VERSION = 1.0;
				PRODUCT_BUNDLE_IDENTIFIER = com.navi.NyTimesAppTests;
				PRODUCT_NAME = "$(TARGET_NAME)";
				SWIFT_EMIT_LOC_STRINGS = NO;
				SWIFT_VERSION = 5.0;
				TARGETED_DEVICE_FAMILY = "1,2";
				TEST_HOST = "$(BUILT_PRODUCTS_DIR)/NyTimesApp.app/$(BUNDLE_EXECUTABLE_FOLDER_PATH)/NyTimesApp";
			};
			name = Debug;
		};
		9B882DFD2CE865340071B825 /* Release */ = {
			isa = XCBuildConfiguration;
			buildSettings = {
				BUNDLE_LOADER = "$(TEST_HOST)";
				CODE_SIGN_STYLE = Automatic;
				CURRENT_PROJECT_VERSION = 1;
				DEVELOPMENT_TEAM = 3BBSVL8WKD;
				GENERATE_INFOPLIST_FILE = YES;
				IPHONEOS_DEPLOYMENT_TARGET = 18.1;
				MARKETING_VERSION = 1.0;
				PRODUCT_BUNDLE_IDENTIFIER = com.navi.NyTimesAppTests;
				PRODUCT_NAME = "$(TARGET_NAME)";
				SWIFT_EMIT_LOC_STRINGS = NO;
				SWIFT_VERSION = 5.0;
				TARGETED_DEVICE_FAMILY = "1,2";
				TEST_HOST = "$(BUILT_PRODUCTS_DIR)/NyTimesApp.app/$(BUNDLE_EXECUTABLE_FOLDER_PATH)/NyTimesApp";
			};
			name = Release;
		};
		9B882DFF2CE865340071B825 /* Debug */ = {
			isa = XCBuildConfiguration;
			buildSettings = {
				CODE_SIGN_STYLE = Automatic;
				CURRENT_PROJECT_VERSION = 1;
				DEVELOPMENT_TEAM = 3BBSVL8WKD;
				GENERATE_INFOPLIST_FILE = YES;
				MARKETING_VERSION = 1.0;
				PRODUCT_BUNDLE_IDENTIFIER = com.navi.NyTimesAppUITests;
				PRODUCT_NAME = "$(TARGET_NAME)";
				SWIFT_EMIT_LOC_STRINGS = NO;
				SWIFT_VERSION = 5.0;
				TARGETED_DEVICE_FAMILY = "1,2";
				TEST_TARGET_NAME = NyTimesApp;
			};
			name = Debug;
		};
		9B882E002CE865340071B825 /* Release */ = {
			isa = XCBuildConfiguration;
			buildSettings = {
				CODE_SIGN_STYLE = Automatic;
				CURRENT_PROJECT_VERSION = 1;
				DEVELOPMENT_TEAM = 3BBSVL8WKD;
				GENERATE_INFOPLIST_FILE = YES;
				MARKETING_VERSION = 1.0;
				PRODUCT_BUNDLE_IDENTIFIER = com.navi.NyTimesAppUITests;
				PRODUCT_NAME = "$(TARGET_NAME)";
				SWIFT_EMIT_LOC_STRINGS = NO;
				SWIFT_VERSION = 5.0;
				TARGETED_DEVICE_FAMILY = "1,2";
				TEST_TARGET_NAME = NyTimesApp;
			};
			name = Release;
		};
/* End XCBuildConfiguration section */

/* Begin XCConfigurationList section */
		9B882DC82CE865330071B825 /* Build configuration list for PBXProject "NyTimesApp" */ = {
			isa = XCConfigurationList;
			buildConfigurations = (
				9B882DF92CE865340071B825 /* Debug */,
				9B882DFA2CE865340071B825 /* Release */,
			);
			defaultConfigurationIsVisible = 0;
			defaultConfigurationName = Release;
		};
		9B882DF62CE865340071B825 /* Build configuration list for PBXNativeTarget "NyTimesApp" */ = {
			isa = XCConfigurationList;
			buildConfigurations = (
				9B882DF72CE865340071B825 /* Debug */,
				9B882DF82CE865340071B825 /* Release */,
			);
			defaultConfigurationIsVisible = 0;
			defaultConfigurationName = Release;
		};
		9B882DFB2CE865340071B825 /* Build configuration list for PBXNativeTarget "NyTimesAppTests" */ = {
			isa = XCConfigurationList;
			buildConfigurations = (
				9B882DFC2CE865340071B825 /* Debug */,
				9B882DFD2CE865340071B825 /* Release */,
			);
			defaultConfigurationIsVisible = 0;
			defaultConfigurationName = Release;
		};
		9B882DFE2CE865340071B825 /* Build configuration list for PBXNativeTarget "NyTimesAppUITests" */ = {
			isa = XCConfigurationList;
			buildConfigurations = (
				9B882DFF2CE865340071B825 /* Debug */,
				9B882E002CE865340071B825 /* Release */,
			);
			defaultConfigurationIsVisible = 0;
			defaultConfigurationName = Release;
		};
/* End XCConfigurationList section */
	};
	rootObject = 9B882DC52CE865330071B825 /* Project object */;
}
